PODS:
  - Expecta (1.0.5)
  - FMDB (2.6.2):
    - FMDB/standard (= 2.6.2)
  - FMDB/standard (2.6.2)
  - JSQMessagesViewController (7.3.4):
    - JSQSystemSoundPlayer (~> 2.0.1)
  - JSQSystemSoundPlayer (2.0.1)
  - SKYKit/Core (0.21.0):
    - FMDB (~> 2.5)
    - SocketRocket (~> 0.4)
  - SKYKitChat (0.0.1):
    - SKYKitChat/Core (= 0.0.1)
    - SKYKitChat/UI (= 0.0.1)
  - SKYKitChat/Core (0.0.1):
    - SKYKit/Core (~> 0.21.0)
  - SKYKitChat/UI (0.0.1):
    - JSQMessagesViewController (~> 7.3.0)
    - SKYKit/Core (~> 0.21.0)
    - SKYKitChat/Core
    - SVProgressHUD (~> 2.1.0)
  - SocketRocket (0.5.1)
  - Specta (1.0.5)
  - SVProgressHUD (2.1.2)

DEPENDENCIES:
  - Expecta
  - SKYKitChat (from `../`)
  - Specta

EXTERNAL SOURCES:
  SKYKitChat:
    :path: "../"

SPEC CHECKSUMS:
  Expecta: e1c022fcd33910b6be89c291d2775b3fe27a89fe
  FMDB: 854a0341b4726e53276f2a8996f06f1b80f9259a
  JSQMessagesViewController: 39fed975e3c9f8eba7292071e29eeb541d105e66
  JSQSystemSoundPlayer: c5850e77a4363ffd374cd851154b9af93264ed8d
  SKYKit: 189ca397d45c08d9559d744c2ac0640a13b41072
  SKYKitChat: 29fd36d92c4b05b64059581507ac86c74b11973d
  SocketRocket: d57c7159b83c3c6655745cd15302aa24b6bae531
  Specta: ac94d110b865115fe60ff2c6d7281053c6f8e8a2
  SVProgressHUD: c404a55d78acbeb7ebb78b76d3faf986475a6994

PODFILE CHECKSUM: 186ad720b7d7efd915ea963999267a16e05dbe3e

COCOAPODS: 1.1.1
