// !$*UTF8*$!
{
	archiveVersion = 1;
	classes = {
	};
	objectVersion = 46;
	objects = {

/* Begin PBXBuildFile section */
		38255ED8DD8B541888CD1C02 /* Pods_SKYKitChat_Tests.framework in Frameworks */ = {isa = PBXBuildFile; fileRef = 3244C35DAEEFA309761CFCBE /* Pods_SKYKitChat_Tests.framework */; };
		38BA24AF1DED659C00DFD045 /* AppDelegate.swift in Sources */ = {isa = PBXBuildFile; fileRef = 38BA249E1DED659C00DFD045 /* AppDelegate.swift */; };
		38BA24B01DED659C00DFD045 /* Assets.xcassets in Resources */ = {isa = PBXBuildFile; fileRef = 38BA249F1DED659C00DFD045 /* Assets.xcassets */; };
		38BA24B11DED659C00DFD045 /* ConversationDetailViewController.swift in Sources */ = {isa = PBXBuildFile; fileRef = 38BA24A21DED659C00DFD045 /* ConversationDetailViewController.swift */; };
		38BA24B21DED659C00DFD045 /* ConversationRoomViewController.swift in Sources */ = {isa = PBXBuildFile; fileRef = 38BA24A31DED659C00DFD045 /* ConversationRoomViewController.swift */; };
		38BA24B31DED659C00DFD045 /* ConversationsViewController.swift in Sources */ = {isa = PBXBuildFile; fileRef = 38BA24A41DED659C00DFD045 /* ConversationsViewController.swift */; };
		38BA24B41DED659C00DFD045 /* CreateDirectConversationViewController.swift in Sources */ = {isa = PBXBuildFile; fileRef = 38BA24A51DED659C00DFD045 /* CreateDirectConversationViewController.swift */; };
		38BA24B51DED659C00DFD045 /* CreateGroupConversationViewController.swift in Sources */ = {isa = PBXBuildFile; fileRef = 38BA24A61DED659C00DFD045 /* CreateGroupConversationViewController.swift */; };
		38BA24B61DED659C00DFD045 /* CurrentUserUnreadCountViewController.swift in Sources */ = {isa = PBXBuildFile; fileRef = 38BA24A71DED659C00DFD045 /* CurrentUserUnreadCountViewController.swift */; };
		38BA24B71DED659C00DFD045 /* DetailViewController.swift in Sources */ = {isa = PBXBuildFile; fileRef = 38BA24A81DED659C00DFD045 /* DetailViewController.swift */; };
		38BA24B81DED659C00DFD045 /* DictionaryDetailViewController.swift in Sources */ = {isa = PBXBuildFile; fileRef = 38BA24A91DED659C00DFD045 /* DictionaryDetailViewController.swift */; };
		38BA24BA1DED659C00DFD045 /* MainViewController.swift in Sources */ = {isa = PBXBuildFile; fileRef = 38BA24AB1DED659C00DFD045 /* MainViewController.swift */; };
		38BA24BB1DED659C00DFD045 /* ServerConfigurationViewController.swift in Sources */ = {isa = PBXBuildFile; fileRef = 38BA24AC1DED659C00DFD045 /* ServerConfigurationViewController.swift */; };
		38BA24BC1DED659C00DFD045 /* UserAuthenticationViewController.swift in Sources */ = {isa = PBXBuildFile; fileRef = 38BA24AD1DED659C00DFD045 /* UserAuthenticationViewController.swift */; };
		38BA24BD1DED659C00DFD045 /* UsersViewController.swift in Sources */ = {isa = PBXBuildFile; fileRef = 38BA24AE1DED659C00DFD045 /* UsersViewController.swift */; };
		38BA24C21DED664300DFD045 /* LaunchScreen.storyboard in Resources */ = {isa = PBXBuildFile; fileRef = 38BA24BE1DED664300DFD045 /* LaunchScreen.storyboard */; };
		38BA24C31DED664300DFD045 /* Main.storyboard in Resources */ = {isa = PBXBuildFile; fileRef = 38BA24C01DED664300DFD045 /* Main.storyboard */; };
		6003F58E195388D20070C39A /* Foundation.framework in Frameworks */ = {isa = PBXBuildFile; fileRef = 6003F58D195388D20070C39A /* Foundation.framework */; };
		6003F590195388D20070C39A /* CoreGraphics.framework in Frameworks */ = {isa = PBXBuildFile; fileRef = 6003F58F195388D20070C39A /* CoreGraphics.framework */; };
		6003F592195388D20070C39A /* UIKit.framework in Frameworks */ = {isa = PBXBuildFile; fileRef = 6003F591195388D20070C39A /* UIKit.framework */; };
		6003F598195388D20070C39A /* InfoPlist.strings in Resources */ = {isa = PBXBuildFile; fileRef = 6003F596195388D20070C39A /* InfoPlist.strings */; };
		6003F59A195388D20070C39A /* main.m in Sources */ = {isa = PBXBuildFile; fileRef = 6003F599195388D20070C39A /* main.m */; };
		6003F59E195388D20070C39A /* SKYAppDelegate.m in Sources */ = {isa = PBXBuildFile; fileRef = 6003F59D195388D20070C39A /* SKYAppDelegate.m */; };
		6003F5A7195388D20070C39A /* SKYViewController.m in Sources */ = {isa = PBXBuildFile; fileRef = 6003F5A6195388D20070C39A /* SKYViewController.m */; };
		6003F5A9195388D20070C39A /* Images.xcassets in Resources */ = {isa = PBXBuildFile; fileRef = 6003F5A8195388D20070C39A /* Images.xcassets */; };
		6003F5B0195388D20070C39A /* XCTest.framework in Frameworks */ = {isa = PBXBuildFile; fileRef = 6003F5AF195388D20070C39A /* XCTest.framework */; };
		6003F5B1195388D20070C39A /* Foundation.framework in Frameworks */ = {isa = PBXBuildFile; fileRef = 6003F58D195388D20070C39A /* Foundation.framework */; };
		6003F5B2195388D20070C39A /* UIKit.framework in Frameworks */ = {isa = PBXBuildFile; fileRef = 6003F591195388D20070C39A /* UIKit.framework */; };
		6003F5BA195388D20070C39A /* InfoPlist.strings in Resources */ = {isa = PBXBuildFile; fileRef = 6003F5B8195388D20070C39A /* InfoPlist.strings */; };
		6003F5BC195388D20070C39A /* Tests.m in Sources */ = {isa = PBXBuildFile; fileRef = 6003F5BB195388D20070C39A /* Tests.m */; };
		6072233A1E2E28BE0074AF53 /* ConversationListDemoViewController.swift in Sources */ = {isa = PBXBuildFile; fileRef = 607223391E2E28BE0074AF53 /* ConversationListDemoViewController.swift */; };
		60762B8C1E38B92B003C8FA9 /* ConversationDemoViewController.swift in Sources */ = {isa = PBXBuildFile; fileRef = 60762B8B1E38B92B003C8FA9 /* ConversationDemoViewController.swift */; };
		60C135971E2766B100F91903 /* UserQueryViewController.swift in Sources */ = {isa = PBXBuildFile; fileRef = 60C135961E2766B100F91903 /* UserQueryViewController.swift */; };
		873B8AEB1B1F5CCA007FD442 /* Main.storyboard in Resources */ = {isa = PBXBuildFile; fileRef = 873B8AEA1B1F5CCA007FD442 /* Main.storyboard */; };
		AAA7068232A089DB513A0578 /* Pods_SKYKitChat_Example.framework in Frameworks */ = {isa = PBXBuildFile; fileRef = 45EA3ADFF482E1C38691B2B5 /* Pods_SKYKitChat_Example.framework */; };
		C1BD025F74EB41116E81E4FC /* Pods_Swift_Example.framework in Frameworks */ = {isa = PBXBuildFile; fileRef = ACF38D1BCF61531132635F9E /* Pods_Swift_Example.framework */; };
/* End PBXBuildFile section */

/* Begin PBXContainerItemProxy section */
		6003F5B3195388D20070C39A /* PBXContainerItemProxy */ = {
			isa = PBXContainerItemProxy;
			containerPortal = 6003F582195388D10070C39A /* Project object */;
			proxyType = 1;
			remoteGlobalIDString = 6003F589195388D20070C39A;
			remoteInfo = SKYKitChat;
		};
/* End PBXContainerItemProxy section */

/* Begin PBXFileReference section */
		0D8FE7D02E62F3C8769E6298 /* Pods-Swift Example.release.xcconfig */ = {isa = PBXFileReference; includeInIndex = 1; lastKnownFileType = text.xcconfig; name = "Pods-Swift Example.release.xcconfig"; path = "Pods/Target Support Files/Pods-Swift Example/Pods-Swift Example.release.xcconfig"; sourceTree = "<group>"; };
		3244C35DAEEFA309761CFCBE /* Pods_SKYKitChat_Tests.framework */ = {isa = PBXFileReference; explicitFileType = wrapper.framework; includeInIndex = 0; path = Pods_SKYKitChat_Tests.framework; sourceTree = BUILT_PRODUCTS_DIR; };
		38BA248B1DED653700DFD045 /* Swift Example.app */ = {isa = PBXFileReference; explicitFileType = wrapper.application; includeInIndex = 0; path = "Swift Example.app"; sourceTree = BUILT_PRODUCTS_DIR; };
		38BA249D1DED657D00DFD045 /* Swift Example-Bridging-Header.h */ = {isa = PBXFileReference; lastKnownFileType = sourcecode.c.h; path = "Swift Example-Bridging-Header.h"; sourceTree = "<group>"; };
		38BA249E1DED659C00DFD045 /* AppDelegate.swift */ = {isa = PBXFileReference; fileEncoding = 4; lastKnownFileType = sourcecode.swift; path = AppDelegate.swift; sourceTree = "<group>"; };
		38BA249F1DED659C00DFD045 /* Assets.xcassets */ = {isa = PBXFileReference; lastKnownFileType = folder.assetcatalog; path = Assets.xcassets; sourceTree = "<group>"; };
		38BA24A11DED659C00DFD045 /* chat-demo.entitlements */ = {isa = PBXFileReference; fileEncoding = 4; lastKnownFileType = text.plist.entitlements; path = "chat-demo.entitlements"; sourceTree = "<group>"; };
		38BA24A21DED659C00DFD045 /* ConversationDetailViewController.swift */ = {isa = PBXFileReference; fileEncoding = 4; lastKnownFileType = sourcecode.swift; path = ConversationDetailViewController.swift; sourceTree = "<group>"; };
		38BA24A31DED659C00DFD045 /* ConversationRoomViewController.swift */ = {isa = PBXFileReference; fileEncoding = 4; lastKnownFileType = sourcecode.swift; path = ConversationRoomViewController.swift; sourceTree = "<group>"; };
		38BA24A41DED659C00DFD045 /* ConversationsViewController.swift */ = {isa = PBXFileReference; fileEncoding = 4; lastKnownFileType = sourcecode.swift; path = ConversationsViewController.swift; sourceTree = "<group>"; };
		38BA24A51DED659C00DFD045 /* CreateDirectConversationViewController.swift */ = {isa = PBXFileReference; fileEncoding = 4; lastKnownFileType = sourcecode.swift; path = CreateDirectConversationViewController.swift; sourceTree = "<group>"; };
		38BA24A61DED659C00DFD045 /* CreateGroupConversationViewController.swift */ = {isa = PBXFileReference; fileEncoding = 4; lastKnownFileType = sourcecode.swift; path = CreateGroupConversationViewController.swift; sourceTree = "<group>"; };
		38BA24A71DED659C00DFD045 /* CurrentUserUnreadCountViewController.swift */ = {isa = PBXFileReference; fileEncoding = 4; lastKnownFileType = sourcecode.swift; path = CurrentUserUnreadCountViewController.swift; sourceTree = "<group>"; };
		38BA24A81DED659C00DFD045 /* DetailViewController.swift */ = {isa = PBXFileReference; fileEncoding = 4; lastKnownFileType = sourcecode.swift; path = DetailViewController.swift; sourceTree = "<group>"; };
		38BA24A91DED659C00DFD045 /* DictionaryDetailViewController.swift */ = {isa = PBXFileReference; fileEncoding = 4; lastKnownFileType = sourcecode.swift; path = DictionaryDetailViewController.swift; sourceTree = "<group>"; };
		38BA24AA1DED659C00DFD045 /* Info.plist */ = {isa = PBXFileReference; fileEncoding = 4; lastKnownFileType = text.plist.xml; path = Info.plist; sourceTree = "<group>"; };
		38BA24AB1DED659C00DFD045 /* MainViewController.swift */ = {isa = PBXFileReference; fileEncoding = 4; lastKnownFileType = sourcecode.swift; path = MainViewController.swift; sourceTree = "<group>"; };
		38BA24AC1DED659C00DFD045 /* ServerConfigurationViewController.swift */ = {isa = PBXFileReference; fileEncoding = 4; lastKnownFileType = sourcecode.swift; path = ServerConfigurationViewController.swift; sourceTree = "<group>"; };
		38BA24AD1DED659C00DFD045 /* UserAuthenticationViewController.swift */ = {isa = PBXFileReference; fileEncoding = 4; lastKnownFileType = sourcecode.swift; path = UserAuthenticationViewController.swift; sourceTree = "<group>"; };
		38BA24AE1DED659C00DFD045 /* UsersViewController.swift */ = {isa = PBXFileReference; fileEncoding = 4; lastKnownFileType = sourcecode.swift; path = UsersViewController.swift; sourceTree = "<group>"; };
		38BA24BF1DED664300DFD045 /* Base */ = {isa = PBXFileReference; lastKnownFileType = file.storyboard; name = Base; path = LaunchScreen.storyboard; sourceTree = "<group>"; };
		38BA24C11DED664300DFD045 /* Base */ = {isa = PBXFileReference; lastKnownFileType = file.storyboard; name = Base; path = Main.storyboard; sourceTree = "<group>"; };
		3EA89DB673F03FE63A6AF20F /* Pods-SKYKitChat_Example.debug.xcconfig */ = {isa = PBXFileReference; includeInIndex = 1; lastKnownFileType = text.xcconfig; name = "Pods-SKYKitChat_Example.debug.xcconfig"; path = "Pods/Target Support Files/Pods-SKYKitChat_Example/Pods-SKYKitChat_Example.debug.xcconfig"; sourceTree = "<group>"; };
		45EA3ADFF482E1C38691B2B5 /* Pods_SKYKitChat_Example.framework */ = {isa = PBXFileReference; explicitFileType = wrapper.framework; includeInIndex = 0; path = Pods_SKYKitChat_Example.framework; sourceTree = BUILT_PRODUCTS_DIR; };
		5A2DF1BA558AF4A26F13136C /* Pods-SKYKitChat_Tests.debug.xcconfig */ = {isa = PBXFileReference; includeInIndex = 1; lastKnownFileType = text.xcconfig; name = "Pods-SKYKitChat_Tests.debug.xcconfig"; path = "Pods/Target Support Files/Pods-SKYKitChat_Tests/Pods-SKYKitChat_Tests.debug.xcconfig"; sourceTree = "<group>"; };
		6003F58A195388D20070C39A /* SKYKitChat_Example.app */ = {isa = PBXFileReference; explicitFileType = wrapper.application; includeInIndex = 0; path = SKYKitChat_Example.app; sourceTree = BUILT_PRODUCTS_DIR; };
		6003F58D195388D20070C39A /* Foundation.framework */ = {isa = PBXFileReference; lastKnownFileType = wrapper.framework; name = Foundation.framework; path = System/Library/Frameworks/Foundation.framework; sourceTree = SDKROOT; };
		6003F58F195388D20070C39A /* CoreGraphics.framework */ = {isa = PBXFileReference; lastKnownFileType = wrapper.framework; name = CoreGraphics.framework; path = System/Library/Frameworks/CoreGraphics.framework; sourceTree = SDKROOT; };
		6003F591195388D20070C39A /* UIKit.framework */ = {isa = PBXFileReference; lastKnownFileType = wrapper.framework; name = UIKit.framework; path = System/Library/Frameworks/UIKit.framework; sourceTree = SDKROOT; };
		6003F595195388D20070C39A /* SKYKitChat-Info.plist */ = {isa = PBXFileReference; lastKnownFileType = text.plist.xml; path = "SKYKitChat-Info.plist"; sourceTree = "<group>"; };
		6003F597195388D20070C39A /* en */ = {isa = PBXFileReference; lastKnownFileType = text.plist.strings; name = en; path = en.lproj/InfoPlist.strings; sourceTree = "<group>"; };
		6003F599195388D20070C39A /* main.m */ = {isa = PBXFileReference; lastKnownFileType = sourcecode.c.objc; path = main.m; sourceTree = "<group>"; };
		6003F59B195388D20070C39A /* SKYKitChat-Prefix.pch */ = {isa = PBXFileReference; lastKnownFileType = sourcecode.c.h; path = "SKYKitChat-Prefix.pch"; sourceTree = "<group>"; };
		6003F59C195388D20070C39A /* SKYAppDelegate.h */ = {isa = PBXFileReference; lastKnownFileType = sourcecode.c.h; path = SKYAppDelegate.h; sourceTree = "<group>"; };
		6003F59D195388D20070C39A /* SKYAppDelegate.m */ = {isa = PBXFileReference; lastKnownFileType = sourcecode.c.objc; path = SKYAppDelegate.m; sourceTree = "<group>"; };
		6003F5A5195388D20070C39A /* SKYViewController.h */ = {isa = PBXFileReference; lastKnownFileType = sourcecode.c.h; path = SKYViewController.h; sourceTree = "<group>"; };
		6003F5A6195388D20070C39A /* SKYViewController.m */ = {isa = PBXFileReference; lastKnownFileType = sourcecode.c.objc; path = SKYViewController.m; sourceTree = "<group>"; };
		6003F5A8195388D20070C39A /* Images.xcassets */ = {isa = PBXFileReference; lastKnownFileType = folder.assetcatalog; path = Images.xcassets; sourceTree = "<group>"; };
		6003F5AE195388D20070C39A /* SKYKitChat_Tests.xctest */ = {isa = PBXFileReference; explicitFileType = wrapper.cfbundle; includeInIndex = 0; path = SKYKitChat_Tests.xctest; sourceTree = BUILT_PRODUCTS_DIR; };
		6003F5AF195388D20070C39A /* XCTest.framework */ = {isa = PBXFileReference; lastKnownFileType = wrapper.framework; name = XCTest.framework; path = Library/Frameworks/XCTest.framework; sourceTree = DEVELOPER_DIR; };
		6003F5B7195388D20070C39A /* Tests-Info.plist */ = {isa = PBXFileReference; lastKnownFileType = text.plist.xml; path = "Tests-Info.plist"; sourceTree = "<group>"; };
		6003F5B9195388D20070C39A /* en */ = {isa = PBXFileReference; lastKnownFileType = text.plist.strings; name = en; path = en.lproj/InfoPlist.strings; sourceTree = "<group>"; };
		6003F5BB195388D20070C39A /* Tests.m */ = {isa = PBXFileReference; lastKnownFileType = sourcecode.c.objc; path = Tests.m; sourceTree = "<group>"; };
		606FC2411953D9B200FFA9A0 /* Tests-Prefix.pch */ = {isa = PBXFileReference; lastKnownFileType = sourcecode.c.h; path = "Tests-Prefix.pch"; sourceTree = "<group>"; };
		607223391E2E28BE0074AF53 /* ConversationListDemoViewController.swift */ = {isa = PBXFileReference; fileEncoding = 4; lastKnownFileType = sourcecode.swift; path = ConversationListDemoViewController.swift; sourceTree = "<group>"; };
		60762B8B1E38B92B003C8FA9 /* ConversationDemoViewController.swift */ = {isa = PBXFileReference; fileEncoding = 4; lastKnownFileType = sourcecode.swift; path = ConversationDemoViewController.swift; sourceTree = "<group>"; };
		60C135961E2766B100F91903 /* UserQueryViewController.swift */ = {isa = PBXFileReference; fileEncoding = 4; lastKnownFileType = sourcecode.swift; path = UserQueryViewController.swift; sourceTree = "<group>"; };
		63DF270E18DD1BAA3F08B34B /* Pods-SKYKitChat_Tests.release.xcconfig */ = {isa = PBXFileReference; includeInIndex = 1; lastKnownFileType = text.xcconfig; name = "Pods-SKYKitChat_Tests.release.xcconfig"; path = "Pods/Target Support Files/Pods-SKYKitChat_Tests/Pods-SKYKitChat_Tests.release.xcconfig"; sourceTree = "<group>"; };
		873B8AEA1B1F5CCA007FD442 /* Main.storyboard */ = {isa = PBXFileReference; fileEncoding = 4; lastKnownFileType = file.storyboard; path = Main.storyboard; sourceTree = "<group>"; };
		94FB8118E49B25C79173C1F9 /* Pods-Swift Example.debug.xcconfig */ = {isa = PBXFileReference; includeInIndex = 1; lastKnownFileType = text.xcconfig; name = "Pods-Swift Example.debug.xcconfig"; path = "Pods/Target Support Files/Pods-Swift Example/Pods-Swift Example.debug.xcconfig"; sourceTree = "<group>"; };
		ACF38D1BCF61531132635F9E /* Pods_Swift_Example.framework */ = {isa = PBXFileReference; explicitFileType = wrapper.framework; includeInIndex = 0; path = Pods_Swift_Example.framework; sourceTree = BUILT_PRODUCTS_DIR; };
		C166D4E46298323DA868EE04 /* LICENSE */ = {isa = PBXFileReference; includeInIndex = 1; lastKnownFileType = text; name = LICENSE; path = ../LICENSE; sourceTree = "<group>"; };
		D848F7ED663C1EAF1A0DB616 /* SKYKitChat.podspec */ = {isa = PBXFileReference; includeInIndex = 1; lastKnownFileType = text; name = SKYKitChat.podspec; path = ../SKYKitChat.podspec; sourceTree = "<group>"; };
		DF9DC27001F32EDA30C722A1 /* Pods-SKYKitChat_Example.release.xcconfig */ = {isa = PBXFileReference; includeInIndex = 1; lastKnownFileType = text.xcconfig; name = "Pods-SKYKitChat_Example.release.xcconfig"; path = "Pods/Target Support Files/Pods-SKYKitChat_Example/Pods-SKYKitChat_Example.release.xcconfig"; sourceTree = "<group>"; };
		EEBC7866532676817C33E6D6 /* README.md */ = {isa = PBXFileReference; includeInIndex = 1; lastKnownFileType = net.daringfireball.markdown; name = README.md; path = ../README.md; sourceTree = "<group>"; };
/* End PBXFileReference section */

/* Begin PBXFrameworksBuildPhase section */
		38BA24881DED653700DFD045 /* Frameworks */ = {
			isa = PBXFrameworksBuildPhase;
			buildActionMask = 2147483647;
			files = (
				C1BD025F74EB41116E81E4FC /* Pods_Swift_Example.framework in Frameworks */,
			);
			runOnlyForDeploymentPostprocessing = 0;
		};
		6003F587195388D20070C39A /* Frameworks */ = {
			isa = PBXFrameworksBuildPhase;
			buildActionMask = 2147483647;
			files = (
				6003F590195388D20070C39A /* CoreGraphics.framework in Frameworks */,
				6003F592195388D20070C39A /* UIKit.framework in Frameworks */,
				6003F58E195388D20070C39A /* Foundation.framework in Frameworks */,
				AAA7068232A089DB513A0578 /* Pods_SKYKitChat_Example.framework in Frameworks */,
			);
			runOnlyForDeploymentPostprocessing = 0;
		};
		6003F5AB195388D20070C39A /* Frameworks */ = {
			isa = PBXFrameworksBuildPhase;
			buildActionMask = 2147483647;
			files = (
				6003F5B0195388D20070C39A /* XCTest.framework in Frameworks */,
				6003F5B2195388D20070C39A /* UIKit.framework in Frameworks */,
				6003F5B1195388D20070C39A /* Foundation.framework in Frameworks */,
				38255ED8DD8B541888CD1C02 /* Pods_SKYKitChat_Tests.framework in Frameworks */,
			);
			runOnlyForDeploymentPostprocessing = 0;
		};
/* End PBXFrameworksBuildPhase section */

/* Begin PBXGroup section */
		38BA248C1DED653700DFD045 /* Swift Example */ = {
			isa = PBXGroup;
			children = (
				38BA249E1DED659C00DFD045 /* AppDelegate.swift */,
				38BA249F1DED659C00DFD045 /* Assets.xcassets */,
				38BA24BE1DED664300DFD045 /* LaunchScreen.storyboard */,
				38BA24C01DED664300DFD045 /* Main.storyboard */,
				38BA24A11DED659C00DFD045 /* chat-demo.entitlements */,
				38BA24A21DED659C00DFD045 /* ConversationDetailViewController.swift */,
				38BA24A31DED659C00DFD045 /* ConversationRoomViewController.swift */,
				38BA24A41DED659C00DFD045 /* ConversationsViewController.swift */,
				38BA24A51DED659C00DFD045 /* CreateDirectConversationViewController.swift */,
				38BA24A61DED659C00DFD045 /* CreateGroupConversationViewController.swift */,
				38BA24A71DED659C00DFD045 /* CurrentUserUnreadCountViewController.swift */,
				38BA24A81DED659C00DFD045 /* DetailViewController.swift */,
				38BA24A91DED659C00DFD045 /* DictionaryDetailViewController.swift */,
				38BA24AA1DED659C00DFD045 /* Info.plist */,
				38BA24AB1DED659C00DFD045 /* MainViewController.swift */,
				38BA24AC1DED659C00DFD045 /* ServerConfigurationViewController.swift */,
				38BA24AD1DED659C00DFD045 /* UserAuthenticationViewController.swift */,
				38BA24AE1DED659C00DFD045 /* UsersViewController.swift */,
				38BA249D1DED657D00DFD045 /* Swift Example-Bridging-Header.h */,
				60C135961E2766B100F91903 /* UserQueryViewController.swift */,
				607223391E2E28BE0074AF53 /* ConversationListDemoViewController.swift */,
				60762B8B1E38B92B003C8FA9 /* ConversationDemoViewController.swift */,
			);
			path = "Swift Example";
			sourceTree = "<group>";
		};
		6003F581195388D10070C39A = {
			isa = PBXGroup;
			children = (
				60FF7A9C1954A5C5007DD14C /* Podspec Metadata */,
				6003F593195388D20070C39A /* Example for SKYKitChat */,
				6003F5B5195388D20070C39A /* Tests */,
				38BA248C1DED653700DFD045 /* Swift Example */,
				6003F58C195388D20070C39A /* Frameworks */,
				6003F58B195388D20070C39A /* Products */,
				A49FECFA5913D7D0C26EC405 /* Pods */,
			);
			sourceTree = "<group>";
		};
		6003F58B195388D20070C39A /* Products */ = {
			isa = PBXGroup;
			children = (
				6003F58A195388D20070C39A /* SKYKitChat_Example.app */,
				6003F5AE195388D20070C39A /* SKYKitChat_Tests.xctest */,
				38BA248B1DED653700DFD045 /* Swift Example.app */,
			);
			name = Products;
			sourceTree = "<group>";
		};
		6003F58C195388D20070C39A /* Frameworks */ = {
			isa = PBXGroup;
			children = (
				6003F58D195388D20070C39A /* Foundation.framework */,
				6003F58F195388D20070C39A /* CoreGraphics.framework */,
				6003F591195388D20070C39A /* UIKit.framework */,
				6003F5AF195388D20070C39A /* XCTest.framework */,
				45EA3ADFF482E1C38691B2B5 /* Pods_SKYKitChat_Example.framework */,
				3244C35DAEEFA309761CFCBE /* Pods_SKYKitChat_Tests.framework */,
				ACF38D1BCF61531132635F9E /* Pods_Swift_Example.framework */,
			);
			name = Frameworks;
			sourceTree = "<group>";
		};
		6003F593195388D20070C39A /* Example for SKYKitChat */ = {
			isa = PBXGroup;
			children = (
				6003F59C195388D20070C39A /* SKYAppDelegate.h */,
				6003F59D195388D20070C39A /* SKYAppDelegate.m */,
				873B8AEA1B1F5CCA007FD442 /* Main.storyboard */,
				6003F5A5195388D20070C39A /* SKYViewController.h */,
				6003F5A6195388D20070C39A /* SKYViewController.m */,
				6003F5A8195388D20070C39A /* Images.xcassets */,
				6003F594195388D20070C39A /* Supporting Files */,
			);
			name = "Example for SKYKitChat";
			path = SKYKitChat;
			sourceTree = "<group>";
		};
		6003F594195388D20070C39A /* Supporting Files */ = {
			isa = PBXGroup;
			children = (
				6003F595195388D20070C39A /* SKYKitChat-Info.plist */,
				6003F596195388D20070C39A /* InfoPlist.strings */,
				6003F599195388D20070C39A /* main.m */,
				6003F59B195388D20070C39A /* SKYKitChat-Prefix.pch */,
			);
			name = "Supporting Files";
			sourceTree = "<group>";
		};
		6003F5B5195388D20070C39A /* Tests */ = {
			isa = PBXGroup;
			children = (
				6003F5BB195388D20070C39A /* Tests.m */,
				6003F5B6195388D20070C39A /* Supporting Files */,
			);
			path = Tests;
			sourceTree = "<group>";
		};
		6003F5B6195388D20070C39A /* Supporting Files */ = {
			isa = PBXGroup;
			children = (
				6003F5B7195388D20070C39A /* Tests-Info.plist */,
				6003F5B8195388D20070C39A /* InfoPlist.strings */,
				606FC2411953D9B200FFA9A0 /* Tests-Prefix.pch */,
			);
			name = "Supporting Files";
			sourceTree = "<group>";
		};
		60FF7A9C1954A5C5007DD14C /* Podspec Metadata */ = {
			isa = PBXGroup;
			children = (
				D848F7ED663C1EAF1A0DB616 /* SKYKitChat.podspec */,
				EEBC7866532676817C33E6D6 /* README.md */,
				C166D4E46298323DA868EE04 /* LICENSE */,
			);
			name = "Podspec Metadata";
			sourceTree = "<group>";
		};
		A49FECFA5913D7D0C26EC405 /* Pods */ = {
			isa = PBXGroup;
			children = (
				3EA89DB673F03FE63A6AF20F /* Pods-SKYKitChat_Example.debug.xcconfig */,
				DF9DC27001F32EDA30C722A1 /* Pods-SKYKitChat_Example.release.xcconfig */,
				5A2DF1BA558AF4A26F13136C /* Pods-SKYKitChat_Tests.debug.xcconfig */,
				63DF270E18DD1BAA3F08B34B /* Pods-SKYKitChat_Tests.release.xcconfig */,
				94FB8118E49B25C79173C1F9 /* Pods-Swift Example.debug.xcconfig */,
				0D8FE7D02E62F3C8769E6298 /* Pods-Swift Example.release.xcconfig */,
			);
			name = Pods;
			sourceTree = "<group>";
		};
/* End PBXGroup section */

/* Begin PBXNativeTarget section */
		38BA248A1DED653700DFD045 /* Swift Example */ = {
			isa = PBXNativeTarget;
			buildConfigurationList = 38BA249A1DED653700DFD045 /* Build configuration list for PBXNativeTarget "Swift Example" */;
			buildPhases = (
				2EC6C900B2F45F43A9F408FD /* [CP] Check Pods Manifest.lock */,
				9D291F98CD52270AC6704B33 /* [CP] Check Pods Manifest.lock */,
				D9B491EEDEDDF3C562BB2DE0 /* [CP] Check Pods Manifest.lock */,
				38BA24871DED653700DFD045 /* Sources */,
				38BA24881DED653700DFD045 /* Frameworks */,
				38BA24891DED653700DFD045 /* Resources */,
				C7348D8720E5F2D63F27AF71 /* [CP] Embed Pods Frameworks */,
				FB45613606A1E602DFAF4950 /* [CP] Copy Pods Resources */,
				62A8E82EC4FA5C2FCAB7E94F /* 📦 Embed Pods Frameworks */,
				8157F59AB6CB68E506BFC881 /* 📦 Copy Pods Resources */,
			);
			buildRules = (
			);
			dependencies = (
			);
			name = "Swift Example";
			productName = "Swift Example";
			productReference = 38BA248B1DED653700DFD045 /* Swift Example.app */;
			productType = "com.apple.product-type.application";
		};
		6003F589195388D20070C39A /* SKYKitChat_Example */ = {
			isa = PBXNativeTarget;
			buildConfigurationList = 6003F5BF195388D20070C39A /* Build configuration list for PBXNativeTarget "SKYKitChat_Example" */;
			buildPhases = (
				F28F9E7AA7068C4B978D0B69 /* [CP] Check Pods Manifest.lock */,
				17D8E6324511ADA3E56B9728 /* [CP] Check Pods Manifest.lock */,
				E6615D25E30762BE6E6B2D71 /* [CP] Check Pods Manifest.lock */,
				6003F586195388D20070C39A /* Sources */,
				6003F587195388D20070C39A /* Frameworks */,
				6003F588195388D20070C39A /* Resources */,
				F3A1911F3CC6380F727DA6F6 /* [CP] Embed Pods Frameworks */,
				914FEB74594DBACBD881B1B7 /* [CP] Copy Pods Resources */,
				ACBEB6A4A0D1D64ECF80355D /* 📦 Embed Pods Frameworks */,
				922F3757192BFC27E856A2B4 /* 📦 Copy Pods Resources */,
			);
			buildRules = (
			);
			dependencies = (
			);
			name = SKYKitChat_Example;
			productName = SKYKitChat;
			productReference = 6003F58A195388D20070C39A /* SKYKitChat_Example.app */;
			productType = "com.apple.product-type.application";
		};
		6003F5AD195388D20070C39A /* SKYKitChat_Tests */ = {
			isa = PBXNativeTarget;
			buildConfigurationList = 6003F5C2195388D20070C39A /* Build configuration list for PBXNativeTarget "SKYKitChat_Tests" */;
			buildPhases = (
				1C2A664BE847469C69FD903C /* [CP] Check Pods Manifest.lock */,
				0A4BBB7267BC40C9716D2A5A /* [CP] Check Pods Manifest.lock */,
				E036B99074E845D4A03027FE /* [CP] Check Pods Manifest.lock */,
				6003F5AA195388D20070C39A /* Sources */,
				6003F5AB195388D20070C39A /* Frameworks */,
				6003F5AC195388D20070C39A /* Resources */,
				64988AC7E8F569DF49BA5516 /* [CP] Embed Pods Frameworks */,
				442C021D02139B440A35E6CA /* [CP] Copy Pods Resources */,
				BAEF3D1B8B6B6DBEE3742209 /* 📦 Embed Pods Frameworks */,
				E5E5CB9131946F8B15B3D7A4 /* 📦 Copy Pods Resources */,
			);
			buildRules = (
			);
			dependencies = (
				6003F5B4195388D20070C39A /* PBXTargetDependency */,
			);
			name = SKYKitChat_Tests;
			productName = SKYKitChatTests;
			productReference = 6003F5AE195388D20070C39A /* SKYKitChat_Tests.xctest */;
			productType = "com.apple.product-type.bundle.unit-test";
		};
/* End PBXNativeTarget section */

/* Begin PBXProject section */
		6003F582195388D10070C39A /* Project object */ = {
			isa = PBXProject;
			attributes = {
				CLASSPREFIX = SKY;
				LastSwiftUpdateCheck = 0810;
				LastUpgradeCheck = 0820;
				ORGANIZATIONNAME = "Kwok-kuen Cheung";
				TargetAttributes = {
					38BA248A1DED653700DFD045 = {
						CreatedOnToolsVersion = 8.1;
						LastSwiftMigration = 0820;
						ProvisioningStyle = Automatic;
					};
					6003F5AD195388D20070C39A = {
						TestTargetID = 6003F589195388D20070C39A;
					};
				};
			};
			buildConfigurationList = 6003F585195388D10070C39A /* Build configuration list for PBXProject "SKYKitChat" */;
			compatibilityVersion = "Xcode 3.2";
			developmentRegion = English;
			hasScannedForEncodings = 0;
			knownRegions = (
				en,
				Base,
			);
			mainGroup = 6003F581195388D10070C39A;
			productRefGroup = 6003F58B195388D20070C39A /* Products */;
			projectDirPath = "";
			projectRoot = "";
			targets = (
				6003F589195388D20070C39A /* SKYKitChat_Example */,
				6003F5AD195388D20070C39A /* SKYKitChat_Tests */,
				38BA248A1DED653700DFD045 /* Swift Example */,
			);
		};
/* End PBXProject section */

/* Begin PBXResourcesBuildPhase section */
		38BA24891DED653700DFD045 /* Resources */ = {
			isa = PBXResourcesBuildPhase;
			buildActionMask = 2147483647;
			files = (
				38BA24C21DED664300DFD045 /* LaunchScreen.storyboard in Resources */,
				38BA24B01DED659C00DFD045 /* Assets.xcassets in Resources */,
				38BA24C31DED664300DFD045 /* Main.storyboard in Resources */,
			);
			runOnlyForDeploymentPostprocessing = 0;
		};
		6003F588195388D20070C39A /* Resources */ = {
			isa = PBXResourcesBuildPhase;
			buildActionMask = 2147483647;
			files = (
				873B8AEB1B1F5CCA007FD442 /* Main.storyboard in Resources */,
				6003F5A9195388D20070C39A /* Images.xcassets in Resources */,
				6003F598195388D20070C39A /* InfoPlist.strings in Resources */,
			);
			runOnlyForDeploymentPostprocessing = 0;
		};
		6003F5AC195388D20070C39A /* Resources */ = {
			isa = PBXResourcesBuildPhase;
			buildActionMask = 2147483647;
			files = (
				6003F5BA195388D20070C39A /* InfoPlist.strings in Resources */,
			);
			runOnlyForDeploymentPostprocessing = 0;
		};
/* End PBXResourcesBuildPhase section */

/* Begin PBXShellScriptBuildPhase section */
		0A4BBB7267BC40C9716D2A5A /* [CP] Check Pods Manifest.lock */ = {
			isa = PBXShellScriptBuildPhase;
			buildActionMask = 2147483647;
			files = (
			);
			inputPaths = (
			);
			name = "[CP] Check Pods Manifest.lock";
			outputPaths = (
			);
			runOnlyForDeploymentPostprocessing = 0;
			shellPath = /bin/sh;
			shellScript = "diff \"${PODS_ROOT}/../Podfile.lock\" \"${PODS_ROOT}/Manifest.lock\" > /dev/null\nif [ $? != 0 ] ; then\n    # print error to STDERR\n    echo \"error: The sandbox is not in sync with the Podfile.lock. Run 'pod install' or update your CocoaPods installation.\" >&2\n    exit 1\nfi\n";
			showEnvVarsInLog = 0;
		};
		17D8E6324511ADA3E56B9728 /* [CP] Check Pods Manifest.lock */ = {
			isa = PBXShellScriptBuildPhase;
			buildActionMask = 2147483647;
			files = (
			);
			inputPaths = (
			);
			name = "[CP] Check Pods Manifest.lock";
			outputPaths = (
			);
			runOnlyForDeploymentPostprocessing = 0;
			shellPath = /bin/sh;
			shellScript = "diff \"${PODS_ROOT}/../Podfile.lock\" \"${PODS_ROOT}/Manifest.lock\" > /dev/null\nif [ $? != 0 ] ; then\n    # print error to STDERR\n    echo \"error: The sandbox is not in sync with the Podfile.lock. Run 'pod install' or update your CocoaPods installation.\" >&2\n    exit 1\nfi\n";
			showEnvVarsInLog = 0;
		};
		1C2A664BE847469C69FD903C /* [CP] Check Pods Manifest.lock */ = {
			isa = PBXShellScriptBuildPhase;
			buildActionMask = 2147483647;
			files = (
			);
			inputPaths = (
			);
			name = "[CP] Check Pods Manifest.lock";
			outputPaths = (
			);
			runOnlyForDeploymentPostprocessing = 0;
			shellPath = /bin/sh;
			shellScript = "diff \"${PODS_ROOT}/../Podfile.lock\" \"${PODS_ROOT}/Manifest.lock\" > /dev/null\nif [ $? != 0 ] ; then\n    # print error to STDERR\n    echo \"error: The sandbox is not in sync with the Podfile.lock. Run 'pod install' or update your CocoaPods installation.\" >&2\n    exit 1\nfi\n";
			showEnvVarsInLog = 0;
		};
		2EC6C900B2F45F43A9F408FD /* [CP] Check Pods Manifest.lock */ = {
			isa = PBXShellScriptBuildPhase;
			buildActionMask = 2147483647;
			files = (
			);
			inputPaths = (
			);
			name = "[CP] Check Pods Manifest.lock";
			outputPaths = (
			);
			runOnlyForDeploymentPostprocessing = 0;
			shellPath = /bin/sh;
			shellScript = "diff \"${PODS_ROOT}/../Podfile.lock\" \"${PODS_ROOT}/Manifest.lock\" > /dev/null\nif [ $? != 0 ] ; then\n    # print error to STDERR\n    echo \"error: The sandbox is not in sync with the Podfile.lock. Run 'pod install' or update your CocoaPods installation.\" >&2\n    exit 1\nfi\n";
			showEnvVarsInLog = 0;
		};
		442C021D02139B440A35E6CA /* [CP] Copy Pods Resources */ = {
			isa = PBXShellScriptBuildPhase;
			buildActionMask = 2147483647;
			files = (
			);
			inputPaths = (
			);
			name = "[CP] Copy Pods Resources";
			outputPaths = (
			);
			runOnlyForDeploymentPostprocessing = 0;
			shellPath = /bin/sh;
			shellScript = "\"${SRCROOT}/Pods/Target Support Files/Pods-SKYKitChat_Tests/Pods-SKYKitChat_Tests-resources.sh\"\n";
			showEnvVarsInLog = 0;
		};
		62A8E82EC4FA5C2FCAB7E94F /* 📦 Embed Pods Frameworks */ = {
			isa = PBXShellScriptBuildPhase;
			buildActionMask = 2147483647;
			files = (
			);
			inputPaths = (
			);
			name = "📦 Embed Pods Frameworks";
			outputPaths = (
			);
			runOnlyForDeploymentPostprocessing = 0;
			shellPath = /bin/sh;
			shellScript = "\"${SRCROOT}/Pods/Target Support Files/Pods-Swift Example/Pods-Swift Example-frameworks.sh\"\n";
			showEnvVarsInLog = 0;
		};
		64988AC7E8F569DF49BA5516 /* [CP] Embed Pods Frameworks */ = {
			isa = PBXShellScriptBuildPhase;
			buildActionMask = 2147483647;
			files = (
			);
			inputPaths = (
			);
			name = "[CP] Embed Pods Frameworks";
			outputPaths = (
			);
			runOnlyForDeploymentPostprocessing = 0;
			shellPath = /bin/sh;
			shellScript = "\"${SRCROOT}/Pods/Target Support Files/Pods-SKYKitChat_Tests/Pods-SKYKitChat_Tests-frameworks.sh\"\n";
			showEnvVarsInLog = 0;
		};
		8157F59AB6CB68E506BFC881 /* 📦 Copy Pods Resources */ = {
			isa = PBXShellScriptBuildPhase;
			buildActionMask = 2147483647;
			files = (
			);
			inputPaths = (
			);
			name = "📦 Copy Pods Resources";
			outputPaths = (
			);
			runOnlyForDeploymentPostprocessing = 0;
			shellPath = /bin/sh;
			shellScript = "\"${SRCROOT}/Pods/Target Support Files/Pods-Swift Example/Pods-Swift Example-resources.sh\"\n";
			showEnvVarsInLog = 0;
		};
		914FEB74594DBACBD881B1B7 /* [CP] Copy Pods Resources */ = {
			isa = PBXShellScriptBuildPhase;
			buildActionMask = 2147483647;
			files = (
			);
			inputPaths = (
			);
			name = "[CP] Copy Pods Resources";
			outputPaths = (
			);
			runOnlyForDeploymentPostprocessing = 0;
			shellPath = /bin/sh;
			shellScript = "\"${SRCROOT}/Pods/Target Support Files/Pods-SKYKitChat_Example/Pods-SKYKitChat_Example-resources.sh\"\n";
			showEnvVarsInLog = 0;
		};
		922F3757192BFC27E856A2B4 /* 📦 Copy Pods Resources */ = {
			isa = PBXShellScriptBuildPhase;
			buildActionMask = 2147483647;
			files = (
			);
			inputPaths = (
			);
			name = "📦 Copy Pods Resources";
			outputPaths = (
			);
			runOnlyForDeploymentPostprocessing = 0;
			shellPath = /bin/sh;
			shellScript = "\"${SRCROOT}/Pods/Target Support Files/Pods-SKYKitChat_Example/Pods-SKYKitChat_Example-resources.sh\"\n";
			showEnvVarsInLog = 0;
		};
		9D291F98CD52270AC6704B33 /* [CP] Check Pods Manifest.lock */ = {
			isa = PBXShellScriptBuildPhase;
			buildActionMask = 2147483647;
			files = (
			);
			inputPaths = (
			);
			name = "[CP] Check Pods Manifest.lock";
			outputPaths = (
			);
			runOnlyForDeploymentPostprocessing = 0;
			shellPath = /bin/sh;
			shellScript = "diff \"${PODS_ROOT}/../Podfile.lock\" \"${PODS_ROOT}/Manifest.lock\" > /dev/null\nif [ $? != 0 ] ; then\n    # print error to STDERR\n    echo \"error: The sandbox is not in sync with the Podfile.lock. Run 'pod install' or update your CocoaPods installation.\" >&2\n    exit 1\nfi\n";
			showEnvVarsInLog = 0;
		};
		ACBEB6A4A0D1D64ECF80355D /* 📦 Embed Pods Frameworks */ = {
			isa = PBXShellScriptBuildPhase;
			buildActionMask = 2147483647;
			files = (
			);
			inputPaths = (
			);
			name = "📦 Embed Pods Frameworks";
			outputPaths = (
			);
			runOnlyForDeploymentPostprocessing = 0;
			shellPath = /bin/sh;
			shellScript = "\"${SRCROOT}/Pods/Target Support Files/Pods-SKYKitChat_Example/Pods-SKYKitChat_Example-frameworks.sh\"\n";
			showEnvVarsInLog = 0;
		};
		BAEF3D1B8B6B6DBEE3742209 /* 📦 Embed Pods Frameworks */ = {
			isa = PBXShellScriptBuildPhase;
			buildActionMask = 2147483647;
			files = (
			);
			inputPaths = (
			);
			name = "📦 Embed Pods Frameworks";
			outputPaths = (
			);
			runOnlyForDeploymentPostprocessing = 0;
			shellPath = /bin/sh;
			shellScript = "\"${SRCROOT}/Pods/Target Support Files/Pods-SKYKitChat_Tests/Pods-SKYKitChat_Tests-frameworks.sh\"\n";
			showEnvVarsInLog = 0;
		};
		C7348D8720E5F2D63F27AF71 /* [CP] Embed Pods Frameworks */ = {
			isa = PBXShellScriptBuildPhase;
			buildActionMask = 2147483647;
			files = (
			);
			inputPaths = (
			);
			name = "[CP] Embed Pods Frameworks";
			outputPaths = (
			);
			runOnlyForDeploymentPostprocessing = 0;
			shellPath = /bin/sh;
			shellScript = "\"${SRCROOT}/Pods/Target Support Files/Pods-Swift Example/Pods-Swift Example-frameworks.sh\"\n";
			showEnvVarsInLog = 0;
		};
		D9B491EEDEDDF3C562BB2DE0 /* [CP] Check Pods Manifest.lock */ = {
			isa = PBXShellScriptBuildPhase;
			buildActionMask = 2147483647;
			files = (
			);
			inputPaths = (
			);
			name = "[CP] Check Pods Manifest.lock";
			outputPaths = (
			);
			runOnlyForDeploymentPostprocessing = 0;
			shellPath = /bin/sh;
			shellScript = "diff \"${PODS_ROOT}/../Podfile.lock\" \"${PODS_ROOT}/Manifest.lock\" > /dev/null\nif [ $? != 0 ] ; then\n    # print error to STDERR\n    echo \"error: The sandbox is not in sync with the Podfile.lock. Run 'pod install' or update your CocoaPods installation.\" >&2\n    exit 1\nfi\n";
			showEnvVarsInLog = 0;
		};
		E036B99074E845D4A03027FE /* [CP] Check Pods Manifest.lock */ = {
			isa = PBXShellScriptBuildPhase;
			buildActionMask = 2147483647;
			files = (
			);
			inputPaths = (
			);
			name = "[CP] Check Pods Manifest.lock";
			outputPaths = (
			);
			runOnlyForDeploymentPostprocessing = 0;
			shellPath = /bin/sh;
			shellScript = "diff \"${PODS_ROOT}/../Podfile.lock\" \"${PODS_ROOT}/Manifest.lock\" > /dev/null\nif [ $? != 0 ] ; then\n    # print error to STDERR\n    echo \"error: The sandbox is not in sync with the Podfile.lock. Run 'pod install' or update your CocoaPods installation.\" >&2\n    exit 1\nfi\n";
			showEnvVarsInLog = 0;
		};
		E5E5CB9131946F8B15B3D7A4 /* 📦 Copy Pods Resources */ = {
			isa = PBXShellScriptBuildPhase;
			buildActionMask = 2147483647;
			files = (
			);
			inputPaths = (
			);
			name = "📦 Copy Pods Resources";
			outputPaths = (
			);
			runOnlyForDeploymentPostprocessing = 0;
			shellPath = /bin/sh;
			shellScript = "\"${SRCROOT}/Pods/Target Support Files/Pods-SKYKitChat_Tests/Pods-SKYKitChat_Tests-resources.sh\"\n";
			showEnvVarsInLog = 0;
		};
		E6615D25E30762BE6E6B2D71 /* [CP] Check Pods Manifest.lock */ = {
			isa = PBXShellScriptBuildPhase;
			buildActionMask = 2147483647;
			files = (
			);
			inputPaths = (
			);
			name = "[CP] Check Pods Manifest.lock";
			outputPaths = (
			);
			runOnlyForDeploymentPostprocessing = 0;
			shellPath = /bin/sh;
			shellScript = "diff \"${PODS_ROOT}/../Podfile.lock\" \"${PODS_ROOT}/Manifest.lock\" > /dev/null\nif [ $? != 0 ] ; then\n    # print error to STDERR\n    echo \"error: The sandbox is not in sync with the Podfile.lock. Run 'pod install' or update your CocoaPods installation.\" >&2\n    exit 1\nfi\n";
			showEnvVarsInLog = 0;
		};
		F28F9E7AA7068C4B978D0B69 /* [CP] Check Pods Manifest.lock */ = {
			isa = PBXShellScriptBuildPhase;
			buildActionMask = 2147483647;
			files = (
			);
			inputPaths = (
			);
			name = "[CP] Check Pods Manifest.lock";
			outputPaths = (
			);
			runOnlyForDeploymentPostprocessing = 0;
			shellPath = /bin/sh;
			shellScript = "diff \"${PODS_ROOT}/../Podfile.lock\" \"${PODS_ROOT}/Manifest.lock\" > /dev/null\nif [ $? != 0 ] ; then\n    # print error to STDERR\n    echo \"error: The sandbox is not in sync with the Podfile.lock. Run 'pod install' or update your CocoaPods installation.\" >&2\n    exit 1\nfi\n";
			showEnvVarsInLog = 0;
		};
		F3A1911F3CC6380F727DA6F6 /* [CP] Embed Pods Frameworks */ = {
			isa = PBXShellScriptBuildPhase;
			buildActionMask = 2147483647;
			files = (
			);
			inputPaths = (
			);
			name = "[CP] Embed Pods Frameworks";
			outputPaths = (
			);
			runOnlyForDeploymentPostprocessing = 0;
			shellPath = /bin/sh;
			shellScript = "\"${SRCROOT}/Pods/Target Support Files/Pods-SKYKitChat_Example/Pods-SKYKitChat_Example-frameworks.sh\"\n";
			showEnvVarsInLog = 0;
		};
		FB45613606A1E602DFAF4950 /* [CP] Copy Pods Resources */ = {
			isa = PBXShellScriptBuildPhase;
			buildActionMask = 2147483647;
			files = (
			);
			inputPaths = (
			);
			name = "[CP] Copy Pods Resources";
			outputPaths = (
			);
			runOnlyForDeploymentPostprocessing = 0;
			shellPath = /bin/sh;
			shellScript = "\"${SRCROOT}/Pods/Target Support Files/Pods-Swift Example/Pods-Swift Example-resources.sh\"\n";
			showEnvVarsInLog = 0;
		};
/* End PBXShellScriptBuildPhase section */

/* Begin PBXSourcesBuildPhase section */
		38BA24871DED653700DFD045 /* Sources */ = {
			isa = PBXSourcesBuildPhase;
			buildActionMask = 2147483647;
			files = (
				38BA24B41DED659C00DFD045 /* CreateDirectConversationViewController.swift in Sources */,
				38BA24BB1DED659C00DFD045 /* ServerConfigurationViewController.swift in Sources */,
				60C135971E2766B100F91903 /* UserQueryViewController.swift in Sources */,
				38BA24BD1DED659C00DFD045 /* UsersViewController.swift in Sources */,
				38BA24B51DED659C00DFD045 /* CreateGroupConversationViewController.swift in Sources */,
				6072233A1E2E28BE0074AF53 /* ConversationListDemoViewController.swift in Sources */,
				38BA24BC1DED659C00DFD045 /* UserAuthenticationViewController.swift in Sources */,
				38BA24B21DED659C00DFD045 /* ConversationRoomViewController.swift in Sources */,
				38BA24B11DED659C00DFD045 /* ConversationDetailViewController.swift in Sources */,
				38BA24B61DED659C00DFD045 /* CurrentUserUnreadCountViewController.swift in Sources */,
				38BA24B81DED659C00DFD045 /* DictionaryDetailViewController.swift in Sources */,
				38BA24AF1DED659C00DFD045 /* AppDelegate.swift in Sources */,
				38BA24B31DED659C00DFD045 /* ConversationsViewController.swift in Sources */,
				38BA24B71DED659C00DFD045 /* DetailViewController.swift in Sources */,
				60762B8C1E38B92B003C8FA9 /* ConversationDemoViewController.swift in Sources */,
				38BA24BA1DED659C00DFD045 /* MainViewController.swift in Sources */,
			);
			runOnlyForDeploymentPostprocessing = 0;
		};
		6003F586195388D20070C39A /* Sources */ = {
			isa = PBXSourcesBuildPhase;
			buildActionMask = 2147483647;
			files = (
				6003F59E195388D20070C39A /* SKYAppDelegate.m in Sources */,
				6003F5A7195388D20070C39A /* SKYViewController.m in Sources */,
				6003F59A195388D20070C39A /* main.m in Sources */,
			);
			runOnlyForDeploymentPostprocessing = 0;
		};
		6003F5AA195388D20070C39A /* Sources */ = {
			isa = PBXSourcesBuildPhase;
			buildActionMask = 2147483647;
			files = (
				6003F5BC195388D20070C39A /* Tests.m in Sources */,
			);
			runOnlyForDeploymentPostprocessing = 0;
		};
/* End PBXSourcesBuildPhase section */

/* Begin PBXTargetDependency section */
		6003F5B4195388D20070C39A /* PBXTargetDependency */ = {
			isa = PBXTargetDependency;
			target = 6003F589195388D20070C39A /* SKYKitChat_Example */;
			targetProxy = 6003F5B3195388D20070C39A /* PBXContainerItemProxy */;
		};
/* End PBXTargetDependency section */

/* Begin PBXVariantGroup section */
		38BA24BE1DED664300DFD045 /* LaunchScreen.storyboard */ = {
			isa = PBXVariantGroup;
			children = (
				38BA24BF1DED664300DFD045 /* Base */,
			);
			name = LaunchScreen.storyboard;
			path = Base.lproj;
			sourceTree = "<group>";
		};
		38BA24C01DED664300DFD045 /* Main.storyboard */ = {
			isa = PBXVariantGroup;
			children = (
				38BA24C11DED664300DFD045 /* Base */,
			);
			name = Main.storyboard;
			path = Base.lproj;
			sourceTree = "<group>";
		};
		6003F596195388D20070C39A /* InfoPlist.strings */ = {
			isa = PBXVariantGroup;
			children = (
				6003F597195388D20070C39A /* en */,
			);
			name = InfoPlist.strings;
			sourceTree = "<group>";
		};
		6003F5B8195388D20070C39A /* InfoPlist.strings */ = {
			isa = PBXVariantGroup;
			children = (
				6003F5B9195388D20070C39A /* en */,
			);
			name = InfoPlist.strings;
			sourceTree = "<group>";
		};
/* End PBXVariantGroup section */

/* Begin XCBuildConfiguration section */
		38BA249B1DED653700DFD045 /* Debug */ = {
			isa = XCBuildConfiguration;
			baseConfigurationReference = 94FB8118E49B25C79173C1F9 /* Pods-Swift Example.debug.xcconfig */;
			buildSettings = {
				ALWAYS_EMBED_SWIFT_STANDARD_LIBRARIES = "$(inherited)";
				ASSETCATALOG_COMPILER_APPICON_NAME = AppIcon;
				CLANG_ANALYZER_NONNULL = YES;
				CLANG_ENABLE_MODULES = YES;
				CLANG_WARN_DOCUMENTATION_COMMENTS = YES;
				CLANG_WARN_INFINITE_RECURSION = YES;
				CLANG_WARN_SUSPICIOUS_MOVES = YES;
				CLANG_WARN_UNREACHABLE_CODE = YES;
				DEBUG_INFORMATION_FORMAT = dwarf;
				DEVELOPMENT_TEAM = "";
				ENABLE_STRICT_OBJC_MSGSEND = YES;
				GCC_NO_COMMON_BLOCKS = YES;
				INFOPLIST_FILE = "Swift Example/Info.plist";
				IPHONEOS_DEPLOYMENT_TARGET = 10.1;
				LD_RUNPATH_SEARCH_PATHS = "$(inherited) @executable_path/Frameworks";
				MTL_ENABLE_DEBUG_INFO = YES;
				PRODUCT_BUNDLE_IDENTIFIER = "io.skygear.Swift-Example";
				PRODUCT_NAME = "$(TARGET_NAME)";
				SWIFT_ACTIVE_COMPILATION_CONDITIONS = DEBUG;
				SWIFT_OBJC_BRIDGING_HEADER = "Swift Example/Swift Example-Bridging-Header.h";
				SWIFT_OPTIMIZATION_LEVEL = "-Onone";
				SWIFT_VERSION = 3.0;
			};
			name = Debug;
		};
		38BA249C1DED653700DFD045 /* Release */ = {
			isa = XCBuildConfiguration;
			baseConfigurationReference = 0D8FE7D02E62F3C8769E6298 /* Pods-Swift Example.release.xcconfig */;
			buildSettings = {
				ALWAYS_EMBED_SWIFT_STANDARD_LIBRARIES = "$(inherited)";
				ASSETCATALOG_COMPILER_APPICON_NAME = AppIcon;
				CLANG_ANALYZER_NONNULL = YES;
				CLANG_ENABLE_MODULES = YES;
				CLANG_WARN_DOCUMENTATION_COMMENTS = YES;
				CLANG_WARN_INFINITE_RECURSION = YES;
				CLANG_WARN_SUSPICIOUS_MOVES = YES;
				CLANG_WARN_UNREACHABLE_CODE = YES;
				COPY_PHASE_STRIP = NO;
				DEBUG_INFORMATION_FORMAT = "dwarf-with-dsym";
				DEVELOPMENT_TEAM = "";
				ENABLE_STRICT_OBJC_MSGSEND = YES;
				GCC_NO_COMMON_BLOCKS = YES;
				INFOPLIST_FILE = "Swift Example/Info.plist";
				IPHONEOS_DEPLOYMENT_TARGET = 10.1;
				LD_RUNPATH_SEARCH_PATHS = "$(inherited) @executable_path/Frameworks";
				MTL_ENABLE_DEBUG_INFO = NO;
				PRODUCT_BUNDLE_IDENTIFIER = "io.skygear.Swift-Example";
				PRODUCT_NAME = "$(TARGET_NAME)";
				SWIFT_OBJC_BRIDGING_HEADER = "Swift Example/Swift Example-Bridging-Header.h";
				SWIFT_OPTIMIZATION_LEVEL = "-Owholemodule";
				SWIFT_VERSION = 3.0;
			};
			name = Release;
		};
		6003F5BD195388D20070C39A /* Debug */ = {
			isa = XCBuildConfiguration;
			buildSettings = {
				ALWAYS_SEARCH_USER_PATHS = NO;
				CLANG_CXX_LANGUAGE_STANDARD = "gnu++0x";
				CLANG_CXX_LIBRARY = "libc++";
				CLANG_ENABLE_MODULES = YES;
				CLANG_ENABLE_OBJC_ARC = YES;
				CLANG_WARN_BOOL_CONVERSION = YES;
				CLANG_WARN_CONSTANT_CONVERSION = YES;
				CLANG_WARN_DIRECT_OBJC_ISA_USAGE = YES_ERROR;
				CLANG_WARN_EMPTY_BODY = YES;
				CLANG_WARN_ENUM_CONVERSION = YES;
				CLANG_WARN_INFINITE_RECURSION = YES;
				CLANG_WARN_INT_CONVERSION = YES;
				CLANG_WARN_OBJC_ROOT_CLASS = YES_ERROR;
				CLANG_WARN_SUSPICIOUS_MOVE = YES;
				CLANG_WARN_UNREACHABLE_CODE = YES;
				CLANG_WARN__DUPLICATE_METHOD_MATCH = YES;
				"CODE_SIGN_IDENTITY[sdk=iphoneos*]" = "iPhone Developer";
				COPY_PHASE_STRIP = NO;
				ENABLE_STRICT_OBJC_MSGSEND = YES;
				ENABLE_TESTABILITY = YES;
				GCC_C_LANGUAGE_STANDARD = gnu99;
				GCC_DYNAMIC_NO_PIC = NO;
				GCC_NO_COMMON_BLOCKS = YES;
				GCC_OPTIMIZATION_LEVEL = 0;
				GCC_PREPROCESSOR_DEFINITIONS = (
					"DEBUG=1",
					"$(inherited)",
				);
				GCC_SYMBOLS_PRIVATE_EXTERN = NO;
				GCC_WARN_64_TO_32_BIT_CONVERSION = YES;
				GCC_WARN_ABOUT_RETURN_TYPE = YES_ERROR;
				GCC_WARN_UNDECLARED_SELECTOR = YES;
				GCC_WARN_UNINITIALIZED_AUTOS = YES_AGGRESSIVE;
				GCC_WARN_UNUSED_FUNCTION = YES;
				GCC_WARN_UNUSED_VARIABLE = YES;
				IPHONEOS_DEPLOYMENT_TARGET = 8.3;
				ONLY_ACTIVE_ARCH = YES;
				SDKROOT = iphoneos;
				TARGETED_DEVICE_FAMILY = "1,2";
			};
			name = Debug;
		};
		6003F5BE195388D20070C39A /* Release */ = {
			isa = XCBuildConfiguration;
			buildSettings = {
				ALWAYS_SEARCH_USER_PATHS = NO;
				CLANG_CXX_LANGUAGE_STANDARD = "gnu++0x";
				CLANG_CXX_LIBRARY = "libc++";
				CLANG_ENABLE_MODULES = YES;
				CLANG_ENABLE_OBJC_ARC = YES;
				CLANG_WARN_BOOL_CONVERSION = YES;
				CLANG_WARN_CONSTANT_CONVERSION = YES;
				CLANG_WARN_DIRECT_OBJC_ISA_USAGE = YES_ERROR;
				CLANG_WARN_EMPTY_BODY = YES;
				CLANG_WARN_ENUM_CONVERSION = YES;
				CLANG_WARN_INFINITE_RECURSION = YES;
				CLANG_WARN_INT_CONVERSION = YES;
				CLANG_WARN_OBJC_ROOT_CLASS = YES_ERROR;
				CLANG_WARN_SUSPICIOUS_MOVE = YES;
				CLANG_WARN_UNREACHABLE_CODE = YES;
				CLANG_WARN__DUPLICATE_METHOD_MATCH = YES;
				"CODE_SIGN_IDENTITY[sdk=iphoneos*]" = "iPhone Developer";
				COPY_PHASE_STRIP = YES;
				ENABLE_NS_ASSERTIONS = NO;
				ENABLE_STRICT_OBJC_MSGSEND = YES;
				GCC_C_LANGUAGE_STANDARD = gnu99;
				GCC_NO_COMMON_BLOCKS = YES;
				GCC_WARN_64_TO_32_BIT_CONVERSION = YES;
				GCC_WARN_ABOUT_RETURN_TYPE = YES_ERROR;
				GCC_WARN_UNDECLARED_SELECTOR = YES;
				GCC_WARN_UNINITIALIZED_AUTOS = YES_AGGRESSIVE;
				GCC_WARN_UNUSED_FUNCTION = YES;
				GCC_WARN_UNUSED_VARIABLE = YES;
				IPHONEOS_DEPLOYMENT_TARGET = 8.3;
				SDKROOT = iphoneos;
				SWIFT_OPTIMIZATION_LEVEL = "-Owholemodule";
				TARGETED_DEVICE_FAMILY = "1,2";
				VALIDATE_PRODUCT = YES;
			};
			name = Release;
		};
		6003F5C0195388D20070C39A /* Debug */ = {
			isa = XCBuildConfiguration;
			baseConfigurationReference = 3EA89DB673F03FE63A6AF20F /* Pods-SKYKitChat_Example.debug.xcconfig */;
			buildSettings = {
				ALWAYS_EMBED_SWIFT_STANDARD_LIBRARIES = "$(inherited)";
				ASSETCATALOG_COMPILER_APPICON_NAME = AppIcon;
				ASSETCATALOG_COMPILER_LAUNCHIMAGE_NAME = LaunchImage;
				DEVELOPMENT_TEAM = "";
				GCC_PRECOMPILE_PREFIX_HEADER = YES;
				GCC_PREFIX_HEADER = "SKYKitChat/SKYKitChat-Prefix.pch";
				INFOPLIST_FILE = "SKYKitChat/SKYKitChat-Info.plist";
				MODULE_NAME = ExampleApp;
				PRODUCT_BUNDLE_IDENTIFIER = "org.cocoapods.demo.${PRODUCT_NAME:rfc1034identifier}";
				PRODUCT_NAME = "$(TARGET_NAME)";
				WRAPPER_EXTENSION = app;
			};
			name = Debug;
		};
		6003F5C1195388D20070C39A /* Release */ = {
			isa = XCBuildConfiguration;
			baseConfigurationReference = DF9DC27001F32EDA30C722A1 /* Pods-SKYKitChat_Example.release.xcconfig */;
			buildSettings = {
				ALWAYS_EMBED_SWIFT_STANDARD_LIBRARIES = "$(inherited)";
				ASSETCATALOG_COMPILER_APPICON_NAME = AppIcon;
				ASSETCATALOG_COMPILER_LAUNCHIMAGE_NAME = LaunchImage;
				DEVELOPMENT_TEAM = "";
				GCC_PRECOMPILE_PREFIX_HEADER = YES;
				GCC_PREFIX_HEADER = "SKYKitChat/SKYKitChat-Prefix.pch";
				INFOPLIST_FILE = "SKYKitChat/SKYKitChat-Info.plist";
				MODULE_NAME = ExampleApp;
				PRODUCT_BUNDLE_IDENTIFIER = "org.cocoapods.demo.${PRODUCT_NAME:rfc1034identifier}";
				PRODUCT_NAME = "$(TARGET_NAME)";
				WRAPPER_EXTENSION = app;
			};
			name = Release;
		};
		6003F5C3195388D20070C39A /* Debug */ = {
			isa = XCBuildConfiguration;
			baseConfigurationReference = 5A2DF1BA558AF4A26F13136C /* Pods-SKYKitChat_Tests.debug.xcconfig */;
			buildSettings = {
				BUNDLE_LOADER = "$(TEST_HOST)";
				FRAMEWORK_SEARCH_PATHS = (
					"$(SDKROOT)/Developer/Library/Frameworks",
					"$(inherited)",
					"$(DEVELOPER_FRAMEWORKS_DIR)",
				);
				GCC_PRECOMPILE_PREFIX_HEADER = YES;
				GCC_PREFIX_HEADER = "Tests/Tests-Prefix.pch";
				GCC_PREPROCESSOR_DEFINITIONS = (
					"DEBUG=1",
					"$(inherited)",
				);
				INFOPLIST_FILE = "Tests/Tests-Info.plist";
				PRODUCT_BUNDLE_IDENTIFIER = "org.cocoapods.demo.${PRODUCT_NAME:rfc1034identifier}";
				PRODUCT_NAME = "$(TARGET_NAME)";
				TEST_HOST = "$(BUILT_PRODUCTS_DIR)/SKYKitChat_Example.app/SKYKitChat_Example";
				WRAPPER_EXTENSION = xctest;
			};
			name = Debug;
		};
		6003F5C4195388D20070C39A /* Release */ = {
			isa = XCBuildConfiguration;
			baseConfigurationReference = 63DF270E18DD1BAA3F08B34B /* Pods-SKYKitChat_Tests.release.xcconfig */;
			buildSettings = {
				BUNDLE_LOADER = "$(TEST_HOST)";
				FRAMEWORK_SEARCH_PATHS = (
					"$(SDKROOT)/Developer/Library/Frameworks",
					"$(inherited)",
					"$(DEVELOPER_FRAMEWORKS_DIR)",
				);
				GCC_PRECOMPILE_PREFIX_HEADER = YES;
				GCC_PREFIX_HEADER = "Tests/Tests-Prefix.pch";
				INFOPLIST_FILE = "Tests/Tests-Info.plist";
				PRODUCT_BUNDLE_IDENTIFIER = "org.cocoapods.demo.${PRODUCT_NAME:rfc1034identifier}";
				PRODUCT_NAME = "$(TARGET_NAME)";
				TEST_HOST = "$(BUILT_PRODUCTS_DIR)/SKYKitChat_Example.app/SKYKitChat_Example";
				WRAPPER_EXTENSION = xctest;
			};
			name = Release;
		};
/* End XCBuildConfiguration section */

/* Begin XCConfigurationList section */
		38BA249A1DED653700DFD045 /* Build configuration list for PBXNativeTarget "Swift Example" */ = {
			isa = XCConfigurationList;
			buildConfigurations = (
				38BA249B1DED653700DFD045 /* Debug */,
				38BA249C1DED653700DFD045 /* Release */,
			);
			defaultConfigurationIsVisible = 0;
			defaultConfigurationName = Release;
		};
		6003F585195388D10070C39A /* Build configuration list for PBXProject "SKYKitChat" */ = {
			isa = XCConfigurationList;
			buildConfigurations = (
				6003F5BD195388D20070C39A /* Debug */,
				6003F5BE195388D20070C39A /* Release */,
			);
			defaultConfigurationIsVisible = 0;
			defaultConfigurationName = Release;
		};
		6003F5BF195388D20070C39A /* Build configuration list for PBXNativeTarget "SKYKitChat_Example" */ = {
			isa = XCConfigurationList;
			buildConfigurations = (
				6003F5C0195388D20070C39A /* Debug */,
				6003F5C1195388D20070C39A /* Release */,
			);
			defaultConfigurationIsVisible = 0;
			defaultConfigurationName = Release;
		};
		6003F5C2195388D20070C39A /* Build configuration list for PBXNativeTarget "SKYKitChat_Tests" */ = {
			isa = XCConfigurationList;
			buildConfigurations = (
				6003F5C3195388D20070C39A /* Debug */,
				6003F5C4195388D20070C39A /* Release */,
			);
			defaultConfigurationIsVisible = 0;
			defaultConfigurationName = Release;
		};
/* End XCConfigurationList section */
	};
	rootObject = 6003F582195388D10070C39A /* Project object */;
}
